
Microsoft Visual Studio Solution File, Format Version 12.00
# Visual Studio Version 17
VisualStudioVersion = 17.8.34330.188
MinimumVisualStudioVersion = 10.0.40219.1
Project("{FAE04EC0-301F-11D3-BF4B-00C04F79EFBC}") = "Phase1Section5.12_Interfaces", "Phase1Section5.12_Interfaces\Phase1Section5.12_Interfaces.csproj", "{63B62AF5-C69D-4BD8-9406-E6DC27928936}"
EndProject
Global
	GlobalSection(SolutionConfigurationPlatforms) = preSolution
		Debug|Any CPU = Debug|Any CPU
		Release|Any CPU = Release|Any CPU
	EndGlobalSection
	GlobalSection(ProjectConfigurationPlatforms) = postSolution
		{63B62AF5-C69D-4BD8-9406-E6DC27928936}.Debug|Any CPU.ActiveCfg = Debug|Any CPU
		{63B62AF5-C69D-4BD8-9406-E6DC27928936}.Debug|Any CPU.Build.0 = Debug|Any CPU
		{63B62AF5-C69D-4BD8-9406-E6DC27928936}.Release|Any CPU.ActiveCfg = Release|Any CPU
		{63B62AF5-C69D-4BD8-9406-E6DC27928936}.Release|Any CPU.Build.0 = Release|Any CPU
	EndGlobalSection
	GlobalSection(SolutionProperties) = preSolution
		HideSolutionNode = FALSE
	EndGlobalSection
	GlobalSection(ExtensibilityGlobals) = postSolution
		SolutionGuid = {A042F03F-907F-48CC-A757-06B5BF162706}
	EndGlobalSection
EndGlobal
